
Microsoft Visual Studio Solution File, Format Version 12.00
# Visual Studio 15
VisualStudioVersion = 15.0.26430.16
MinimumVisualStudioVersion = 10.0.40219.1
Project("{FAE04EC0-301F-11D3-BF4B-00C04F79EFBC}") = "MyTicketingUI", "MyTicketingSystem\MyTicketingUI.csproj", "{574CC802-271F-44C5-9DB3-347170AAD01C}"
EndProject
Project("{FAE04EC0-301F-11D3-BF4B-00C04F79EFBC}") = "MyTicketingSystem.Tests", "MyTicketingSystem.Tests\MyTicketingSystem.Tests.csproj", "{343B3A02-208B-45C5-8F58-515ED5D08AF8}"
EndProject
Project("{FAE04EC0-301F-11D3-BF4B-00C04F79EFBC}") = "MyRepository", "MyRepository\MyRepository.csproj", "{35FF186F-9FD3-468B-8A6F-A35BDCD5C826}"
EndProject
Global
	GlobalSection(SolutionConfigurationPlatforms) = preSolution
		Debug|Any CPU = Debug|Any CPU
		Release|Any CPU = Release|Any CPU
	EndGlobalSection
	GlobalSection(ProjectConfigurationPlatforms) = postSolution
		{574CC802-271F-44C5-9DB3-347170AAD01C}.Debug|Any CPU.ActiveCfg = Debug|Any CPU
		{574CC802-271F-44C5-9DB3-347170AAD01C}.Debug|Any CPU.Build.0 = Debug|Any CPU
		{574CC802-271F-44C5-9DB3-347170AAD01C}.Release|Any CPU.ActiveCfg = Release|Any CPU
		{574CC802-271F-44C5-9DB3-347170AAD01C}.Release|Any CPU.Build.0 = Release|Any CPU
		{343B3A02-208B-45C5-8F58-515ED5D08AF8}.Debug|Any CPU.ActiveCfg = Debug|Any CPU
		{343B3A02-208B-45C5-8F58-515ED5D08AF8}.Debug|Any CPU.Build.0 = Debug|Any CPU
		{343B3A02-208B-45C5-8F58-515ED5D08AF8}.Release|Any CPU.ActiveCfg = Release|Any CPU
		{343B3A02-208B-45C5-8F58-515ED5D08AF8}.Release|Any CPU.Build.0 = Release|Any CPU
		{35FF186F-9FD3-468B-8A6F-A35BDCD5C826}.Debug|Any CPU.ActiveCfg = Debug|Any CPU
		{35FF186F-9FD3-468B-8A6F-A35BDCD5C826}.Debug|Any CPU.Build.0 = Debug|Any CPU
		{35FF186F-9FD3-468B-8A6F-A35BDCD5C826}.Release|Any CPU.ActiveCfg = Release|Any CPU
		{35FF186F-9FD3-468B-8A6F-A35BDCD5C826}.Release|Any CPU.Build.0 = Release|Any CPU
	EndGlobalSection
	GlobalSection(SolutionProperties) = preSolution
		HideSolutionNode = FALSE
	EndGlobalSection
EndGlobal
